
Microsoft Visual Studio Solution File, Format Version 12.00
Project("{FAE04EC0-301F-11D3-BF4B-00C04F79EFBC}") = "SKMemoryTest", "SKMemoryTest\SKMemoryTest.csproj", "{273F45C6-B9D4-4B8B-B63E-E4D3C88BA480}"
EndProject
Project("{2150E333-8FDC-42A3-9474-1A3956D46DE8}") = "Solution Items", "Solution Items", "{CB4C5313-E96C-4A9D-AE4F-1A1E2D34D2A8}"
	ProjectSection(SolutionItems) = preProject
		README.md = README.md
	EndProjectSection
EndProject
Global
	GlobalSection(SolutionConfigurationPlatforms) = preSolution
		Debug|Any CPU = Debug|Any CPU
		Release|Any CPU = Release|Any CPU
	EndGlobalSection
	GlobalSection(ProjectConfigurationPlatforms) = postSolution
		{273F45C6-B9D4-4B8B-B63E-E4D3C88BA480}.Debug|Any CPU.ActiveCfg = Debug|Any CPU
		{273F45C6-B9D4-4B8B-B63E-E4D3C88BA480}.Debug|Any CPU.Build.0 = Debug|Any CPU
		{273F45C6-B9D4-4B8B-B63E-E4D3C88BA480}.Release|Any CPU.ActiveCfg = Release|Any CPU
		{273F45C6-B9D4-4B8B-B63E-E4D3C88BA480}.Release|Any CPU.Build.0 = Release|Any CPU
	EndGlobalSection
EndGlobal
